
Microsoft Visual Studio Solution File, Format Version 12.00
# Visual Studio Version 17
VisualStudioVersion = 17.2.32616.157
MinimumVisualStudioVersion = 10.0.40219.1
Project("{9A19103F-16F7-4668-BE54-9A1E7A4F7556}") = "tdCompany", "tdCompany\tdCompany.csproj", "{3BE0798F-7873-4F9C-B6E1-2BE82A9DA3D1}"
EndProject
Global
	GlobalSection(SolutionConfigurationPlatforms) = preSolution
		Debug|Any CPU = Debug|Any CPU
		Release|Any CPU = Release|Any CPU
	EndGlobalSection
	GlobalSection(ProjectConfigurationPlatforms) = postSolution
		{3BE0798F-7873-4F9C-B6E1-2BE82A9DA3D1}.Debug|Any CPU.ActiveCfg = Debug|Any CPU
		{3BE0798F-7873-4F9C-B6E1-2BE82A9DA3D1}.Debug|Any CPU.Build.0 = Debug|Any CPU
		{3BE0798F-7873-4F9C-B6E1-2BE82A9DA3D1}.Release|Any CPU.ActiveCfg = Release|Any CPU
		{3BE0798F-7873-4F9C-B6E1-2BE82A9DA3D1}.Release|Any CPU.Build.0 = Release|Any CPU
	EndGlobalSection
	GlobalSection(SolutionProperties) = preSolution
		HideSolutionNode = FALSE
	EndGlobalSection
	GlobalSection(ExtensibilityGlobals) = postSolution
		SolutionGuid = {D2E41C6A-6FA9-4204-83B8-1A9854F2C1F6}
	EndGlobalSection
EndGlobal
